{
  "version": 4,
  "terraform_version": "1.7.3",
  "serial": 8,
  "lineage": "423dfaaa-f076-758a-9ccb-67a6af65258c",
  "outputs": {},
  "resources": [
    {
      "mode": "data",
      "type": "azurerm_client_config",
      "name": "current",
      "provider": "provider[\"registry.terraform.io/hashicorp/azurerm\"]",
      "instances": [
        {
          "schema_version": 0,
          "attributes": {
            "client_id": "04b07795-8ddb-461a-bbee-02f9e1bf7b46",
            "id": "Y2xpZW50Q29uZmlncy9jbGllbnRJZD0wNGIwNzc5NS04ZGRiLTQ2MWEtYmJlZS0wMmY5ZTFiZjdiNDY7b2JqZWN0SWQ9ODg4ZjgwMzYtM2I0Mi00YzNhLWE5MWUtNjhkZmQxZDFiMzFiO3N1YnNjcmlwdGlvbklkPWY5NzAzZjViLTgzYTMtNGQxZS05ODcyLWU0YjU5ZTUwZGU2ZTt0ZW5hbnRJZD1hYjgzN2ExMi1mZDcwLTQ0NWEtOTJmNy03ODBmODE1ZTExNWU=",
            "object_id": "888f8036-3b42-4c3a-a91e-68dfd1d1b31b",
            "subscription_id": "f9703f5b-83a3-4d1e-9872-e4b59e50de6e",
            "tenant_id": "ab837a12-fd70-445a-92f7-780f815e115e",
            "timeouts": null
          },
          "sensitive_attributes": []
        }
      ]
    },
    {
      "mode": "managed",
      "type": "azurerm_key_vault",
      "name": "main",
      "provider": "provider[\"registry.terraform.io/hashicorp/azurerm\"]",
      "instances": [
        {
          "schema_version": 2,
          "attributes": {
            "access_policy": [
              {
                "application_id": "",
                "certificate_permissions": [
                  "Get",
                  "List",
                  "Update",
                  "Create",
                  "Import",
                  "Delete",
                  "Recover",
                  "Backup",
                  "Restore",
                  "ManageContacts",
                  "ManageIssuers",
                  "GetIssuers",
                  "ListIssuers",
                  "SetIssuers",
                  "DeleteIssuers"
                ],
                "key_permissions": [
                  "Get",
                  "List",
                  "Update",
                  "Create",
                  "Import",
                  "Delete",
                  "Recover",
                  "Backup",
                  "Restore",
                  "GetRotationPolicy",
                  "SetRotationPolicy",
                  "Rotate"
                ],
                "object_id": "888f8036-3b42-4c3a-a91e-68dfd1d1b31b",
                "secret_permissions": [
                  "Get",
                  "List",
                  "Set",
                  "Delete",
                  "Recover",
                  "Backup",
                  "Restore"
                ],
                "storage_permissions": [],
                "tenant_id": "ab837a12-fd70-445a-92f7-780f815e115e"
              },
              {
                "application_id": "",
                "certificate_permissions": [],
                "key_permissions": [],
                "object_id": "2ee97b00-e392-4665-991c-92ccb4546232",
                "secret_permissions": [
                  "Delete",
                  "Get",
                  "Set",
                  "List"
                ],
                "storage_permissions": [],
                "tenant_id": "ab837a12-fd70-445a-92f7-780f815e115e"
              }
            ],
            "contact": [],
            "enable_rbac_authorization": false,
            "enabled_for_deployment": false,
            "enabled_for_disk_encryption": false,
            "enabled_for_template_deployment": false,
            "id": "/subscriptions/f9703f5b-83a3-4d1e-9872-e4b59e50de6e/resourceGroups/NetworkWatcherRG/providers/Microsoft.KeyVault/vaults/kvnameproxy",
            "location": "mexicocentral",
            "name": "kvnameproxy",
            "network_acls": [
              {
                "bypass": "AzureServices",
                "default_action": "Allow",
                "ip_rules": [],
                "virtual_network_subnet_ids": []
              }
            ],
            "public_network_access_enabled": true,
            "purge_protection_enabled": false,
            "resource_group_name": "NetworkWatcherRG",
            "sku_name": "standard",
            "soft_delete_retention_days": 7,
            "tags": {},
            "tenant_id": "ab837a12-fd70-445a-92f7-780f815e115e",
            "timeouts": null,
            "vault_uri": "https://kvnameproxy.vault.azure.net/"
          },
          "sensitive_attributes": [],
          "private": "eyJlMmJmYjczMC1lY2FhLTExZTYtOGY4OC0zNDM2M2JjN2M0YzAiOnsiY3JlYXRlIjoxODAwMDAwMDAwMDAwLCJkZWxldGUiOjE4MDAwMDAwMDAwMDAsInJlYWQiOjMwMDAwMDAwMDAwMCwidXBkYXRlIjoxODAwMDAwMDAwMDAwfSwic2NoZW1hX3ZlcnNpb24iOiIyIn0=",
          "dependencies": [
            "data.azurerm_client_config.current"
          ]
        }
      ]
    },
    {
      "mode": "managed",
      "type": "azurerm_key_vault_secret",
      "name": "acr_admin_password",
      "provider": "provider[\"registry.terraform.io/hashicorp/azurerm\"]",
      "instances": [
        {
          "schema_version": 0,
          "attributes": {
            "content_type": "",
            "expiration_date": null,
            "id": "https://kvnameproxy.vault.azure.net/secrets/acr-admin-password/701f82e55b294c389a61407d85b1d9e6",
            "key_vault_id": "/subscriptions/f9703f5b-83a3-4d1e-9872-e4b59e50de6e/resourceGroups/NetworkWatcherRG/providers/Microsoft.KeyVault/vaults/kvnameproxy",
            "name": "acr-admin-password",
            "not_before_date": null,
            "resource_id": "/subscriptions/f9703f5b-83a3-4d1e-9872-e4b59e50de6e/resourceGroups/NetworkWatcherRG/providers/Microsoft.KeyVault/vaults/kvnameproxy/secrets/acr-admin-password/versions/701f82e55b294c389a61407d85b1d9e6",
            "resource_versionless_id": "/subscriptions/f9703f5b-83a3-4d1e-9872-e4b59e50de6e/resourceGroups/NetworkWatcherRG/providers/Microsoft.KeyVault/vaults/kvnameproxy/secrets/acr-admin-password",
            "tags": {},
            "timeouts": null,
            "value": "v5dZVCSK4oyd6JMb7E5WA1heS/jAIeVBHtfpX3Wjyq+ACRAwoNXh",
            "value_wo": null,
            "value_wo_version": 0,
            "version": "701f82e55b294c389a61407d85b1d9e6",
            "versionless_id": "https://kvnameproxy.vault.azure.net/secrets/acr-admin-password"
          },
          "sensitive_attributes": [
            [
              {
                "type": "get_attr",
                "value": "value"
              }
            ]
          ],
          "private": "eyJlMmJmYjczMC1lY2FhLTExZTYtOGY4OC0zNDM2M2JjN2M0YzAiOnsiY3JlYXRlIjoxODAwMDAwMDAwMDAwLCJkZWxldGUiOjE4MDAwMDAwMDAwMDAsInJlYWQiOjE4MDAwMDAwMDAwMDAsInVwZGF0ZSI6MTgwMDAwMDAwMDAwMH19",
          "dependencies": [
            "azurerm_key_vault.main",
            "data.azurerm_client_config.current",
            "module.acr.azurerm_container_registry.this",
            "random_integer.suffix"
          ]
        }
      ]
    },
    {
      "mode": "managed",
      "type": "azurerm_key_vault_secret",
      "name": "acr_admin_user",
      "provider": "provider[\"registry.terraform.io/hashicorp/azurerm\"]",
      "instances": [
        {
          "schema_version": 0,
          "attributes": {
            "content_type": "",
            "expiration_date": null,
            "id": "https://kvnameproxy.vault.azure.net/secrets/acr-admin-username/0e7e83d74b8e482a810c9887902dd159",
            "key_vault_id": "/subscriptions/f9703f5b-83a3-4d1e-9872-e4b59e50de6e/resourceGroups/NetworkWatcherRG/providers/Microsoft.KeyVault/vaults/kvnameproxy",
            "name": "acr-admin-username",
            "not_before_date": null,
            "resource_id": "/subscriptions/f9703f5b-83a3-4d1e-9872-e4b59e50de6e/resourceGroups/NetworkWatcherRG/providers/Microsoft.KeyVault/vaults/kvnameproxy/secrets/acr-admin-username/versions/0e7e83d74b8e482a810c9887902dd159",
            "resource_versionless_id": "/subscriptions/f9703f5b-83a3-4d1e-9872-e4b59e50de6e/resourceGroups/NetworkWatcherRG/providers/Microsoft.KeyVault/vaults/kvnameproxy/secrets/acr-admin-username",
            "tags": {},
            "timeouts": null,
            "value": "acrproxy64941",
            "value_wo": null,
            "value_wo_version": 0,
            "version": "0e7e83d74b8e482a810c9887902dd159",
            "versionless_id": "https://kvnameproxy.vault.azure.net/secrets/acr-admin-username"
          },
          "sensitive_attributes": [],
          "private": "eyJlMmJmYjczMC1lY2FhLTExZTYtOGY4OC0zNDM2M2JjN2M0YzAiOnsiY3JlYXRlIjoxODAwMDAwMDAwMDAwLCJkZWxldGUiOjE4MDAwMDAwMDAwMDAsInJlYWQiOjE4MDAwMDAwMDAwMDAsInVwZGF0ZSI6MTgwMDAwMDAwMDAwMH19",
          "dependencies": [
            "azurerm_key_vault.main",
            "data.azurerm_client_config.current",
            "module.acr.azurerm_container_registry.this",
            "random_integer.suffix"
          ]
        }
      ]
    },
    {
      "mode": "managed",
      "type": "azurerm_key_vault_secret",
      "name": "acr_login_server",
      "provider": "provider[\"registry.terraform.io/hashicorp/azurerm\"]",
      "instances": [
        {
          "schema_version": 0,
          "attributes": {
            "content_type": "",
            "expiration_date": null,
            "id": "https://kvnameproxy.vault.azure.net/secrets/acr-login-server/f6de5b886638471bb22d1a69b2479775",
            "key_vault_id": "/subscriptions/f9703f5b-83a3-4d1e-9872-e4b59e50de6e/resourceGroups/NetworkWatcherRG/providers/Microsoft.KeyVault/vaults/kvnameproxy",
            "name": "acr-login-server",
            "not_before_date": null,
            "resource_id": "/subscriptions/f9703f5b-83a3-4d1e-9872-e4b59e50de6e/resourceGroups/NetworkWatcherRG/providers/Microsoft.KeyVault/vaults/kvnameproxy/secrets/acr-login-server/versions/f6de5b886638471bb22d1a69b2479775",
            "resource_versionless_id": "/subscriptions/f9703f5b-83a3-4d1e-9872-e4b59e50de6e/resourceGroups/NetworkWatcherRG/providers/Microsoft.KeyVault/vaults/kvnameproxy/secrets/acr-login-server",
            "tags": {},
            "timeouts": null,
            "value": "acrproxy64941.azurecr.io",
            "value_wo": null,
            "value_wo_version": 0,
            "version": "f6de5b886638471bb22d1a69b2479775",
            "versionless_id": "https://kvnameproxy.vault.azure.net/secrets/acr-login-server"
          },
          "sensitive_attributes": [],
          "private": "eyJlMmJmYjczMC1lY2FhLTExZTYtOGY4OC0zNDM2M2JjN2M0YzAiOnsiY3JlYXRlIjoxODAwMDAwMDAwMDAwLCJkZWxldGUiOjE4MDAwMDAwMDAwMDAsInJlYWQiOjE4MDAwMDAwMDAwMDAsInVwZGF0ZSI6MTgwMDAwMDAwMDAwMH19",
          "dependencies": [
            "azurerm_key_vault.main",
            "data.azurerm_client_config.current",
            "module.acr.azurerm_container_registry.this",
            "random_integer.suffix"
          ]
        }
      ]
    },
    {
      "mode": "managed",
      "type": "random_integer",
      "name": "suffix",
      "provider": "provider[\"registry.terraform.io/hashicorp/random\"]",
      "instances": [
        {
          "schema_version": 0,
          "attributes": {
            "id": "64941",
            "keepers": null,
            "max": 99999,
            "min": 10000,
            "result": 64941,
            "seed": null
          },
          "sensitive_attributes": []
        }
      ]
    },
    {
      "module": "module.acr",
      "mode": "managed",
      "type": "azurerm_container_registry",
      "name": "this",
      "provider": "provider[\"registry.terraform.io/hashicorp/azurerm\"]",
      "instances": [
        {
          "schema_version": 2,
          "attributes": {
            "admin_enabled": true,
            "admin_password": "v5dZVCSK4oyd6JMb7E5WA1heS/jAIeVBHtfpX3Wjyq+ACRAwoNXh",
            "admin_username": "acrproxy64941",
            "anonymous_pull_enabled": false,
            "data_endpoint_enabled": false,
            "data_endpoint_host_names": [],
            "encryption": [],
            "export_policy_enabled": true,
            "georeplications": [],
            "id": "/subscriptions/f9703f5b-83a3-4d1e-9872-e4b59e50de6e/resourceGroups/NetworkWatcherRG/providers/Microsoft.ContainerRegistry/registries/acrproxy64941",
            "identity": [],
            "location": "mexicocentral",
            "login_server": "acrproxy64941.azurecr.io",
            "name": "acrproxy64941",
            "network_rule_bypass_option": "AzureServices",
            "network_rule_set": [],
            "public_network_access_enabled": true,
            "quarantine_policy_enabled": false,
            "resource_group_name": "NetworkWatcherRG",
            "retention_policy_in_days": 0,
            "sku": "Standard",
            "tags": {},
            "timeouts": null,
            "trust_policy_enabled": false,
            "zone_redundancy_enabled": false
          },
          "sensitive_attributes": [],
          "private": "eyJlMmJmYjczMC1lY2FhLTExZTYtOGY4OC0zNDM2M2JjN2M0YzAiOnsiY3JlYXRlIjoxODAwMDAwMDAwMDAwLCJkZWxldGUiOjE4MDAwMDAwMDAwMDAsInJlYWQiOjMwMDAwMDAwMDAwMCwidXBkYXRlIjoxODAwMDAwMDAwMDAwfSwic2NoZW1hX3ZlcnNpb24iOiIyIn0=",
          "dependencies": [
            "random_integer.suffix"
          ]
        }
      ]
    }
  ],
  "check_results": null
}
